
Microsoft Visual Studio Solution File, Format Version 12.00
# Visual Studio 15
Project("{FAE04EC0-301F-11D3-BF4B-00C04F79EFBC}") = "Assembly-CSharp", "Assembly-CSharp.csproj", "{A0DB7B14-CB06-2471-DCE4-D361F4F165F5}"
EndProject
Project("{FAE04EC0-301F-11D3-BF4B-00C04F79EFBC}") = "EditorMigrationScripts", "EditorMigrationScripts.csproj", "{8AD98030-AB27-EA16-909F-ED968521EE3E}"
EndProject
Global
	GlobalSection(SolutionConfigurationPlatforms) = preSolution
		Debug|Any CPU = Debug|Any CPU
		Release|Any CPU = Release|Any CPU
	EndGlobalSection
	GlobalSection(ProjectConfigurationPlatforms) = postSolution
		{A0DB7B14-CB06-2471-DCE4-D361F4F165F5}.Debug|Any CPU.ActiveCfg = Debug|Any CPU
		{A0DB7B14-CB06-2471-DCE4-D361F4F165F5}.Debug|Any CPU.Build.0 = Debug|Any CPU
		{A0DB7B14-CB06-2471-DCE4-D361F4F165F5}.Release|Any CPU.ActiveCfg = Release|Any CPU
		{A0DB7B14-CB06-2471-DCE4-D361F4F165F5}.Release|Any CPU.Build.0 = Release|Any CPU
		{8AD98030-AB27-EA16-909F-ED968521EE3E}.Debug|Any CPU.ActiveCfg = Debug|Any CPU
		{8AD98030-AB27-EA16-909F-ED968521EE3E}.Debug|Any CPU.Build.0 = Debug|Any CPU
		{8AD98030-AB27-EA16-909F-ED968521EE3E}.Release|Any CPU.ActiveCfg = Release|Any CPU
		{8AD98030-AB27-EA16-909F-ED968521EE3E}.Release|Any CPU.Build.0 = Release|Any CPU
	EndGlobalSection
	GlobalSection(SolutionProperties) = preSolution
		HideSolutionNode = FALSE
	EndGlobalSection
EndGlobal
